
Microsoft Visual Studio Solution File, Format Version 12.00
# Visual Studio Version 16
VisualStudioVersion = 16.0.32002.261
MinimumVisualStudioVersion = 10.0.40219.1
Project("{FAE04EC0-301F-11D3-BF4B-00C04F79EFBC}") = "Udemy.Spock.ParallelProgramming.MultiThreading", "Udemy.Spock.ParallelProgramming.MultiThreading\Udemy.Spock.ParallelProgramming.MultiThreading.csproj", "{18F9E450-2DEA-4FFF-9AA6-C6EACDF77ADC}"
EndProject
Project("{FAE04EC0-301F-11D3-BF4B-00C04F79EFBC}") = "13.CreateProcess", "13.CreateProcess\13.CreateProcess.csproj", "{D756AE5C-F05A-43CA-A481-18A3F7EF6FB3}"
EndProject
Project("{FAE04EC0-301F-11D3-BF4B-00C04F79EFBC}") = "13.StartingAThread", "13.StartingAThread\13.StartingAThread.csproj", "{5FEAEBAD-2EE3-41F4-9A39-29B4CDD5B565}"
EndProject
Project("{FAE04EC0-301F-11D3-BF4B-00C04F79EFBC}") = "21.APMandEAP", "21.APMandEAP\21.APMandEAP.csproj", "{DE6E3AB4-C7C6-4FCD-AC02-4B731F320755}"
EndProject
Project("{FAE04EC0-301F-11D3-BF4B-00C04F79EFBC}") = "22.StartingATask", "22.StartingATask\22.StartingATask.csproj", "{8DB1F004-CD72-4306-B5A6-CE3AE1282CED}"
EndProject
Project("{FAE04EC0-301F-11D3-BF4B-00C04F79EFBC}") = "26.CancellingATask", "26.CancellingATask\26.CancellingATask.csproj", "{7041BF9D-A7D0-46F3-97C8-3C5C492EE05F}"
EndProject
Project("{FAE04EC0-301F-11D3-BF4B-00C04F79EFBC}") = "27.ChainingTasks", "27.ChainingTasks\27.ChainingTasks.csproj", "{EAD28408-7136-406A-A249-DECF1E644EF7}"
EndProject
Project("{FAE04EC0-301F-11D3-BF4B-00C04F79EFBC}") = "28.WaitingForATask", "28.WaitingForATask\28.WaitingForATask.csproj", "{CCFAB12E-8E48-4DEC-9B37-BA889BD52FB6}"
EndProject
Project("{FAE04EC0-301F-11D3-BF4B-00C04F79EFBC}") = "29.CreatingIOBasedTasks", "29.CreatingIOBasedTasks\29.CreatingIOBasedTasks.csproj", "{F650EFDE-C4C7-4FB3-986F-BD1E310EB276}"
EndProject
Project("{FAE04EC0-301F-11D3-BF4B-00C04F79EFBC}") = "30.ErrorHandling", "30.ErrorHandling\30.ErrorHandling.csproj", "{A25B6FB6-F156-46A6-B696-28D86F624086}"
EndProject
Project("{FAE04EC0-301F-11D3-BF4B-00C04F79EFBC}") = "32.NestedAndChildTasks", "32.NestedAndChildTasks\32.NestedAndChildTasks.csproj", "{AB8AD0D2-2AF2-4529-8CD3-2EA659894BA7}"
EndProject
Project("{FAE04EC0-301F-11D3-BF4B-00C04F79EFBC}") = "33.TaskCompletionSourceExample", "33.TaskCompletionSource\33.TaskCompletionSourceExample.csproj", "{CE8BB9C7-301A-4D75-910A-D7740BC97A67}"
EndProject
Project("{FAE04EC0-301F-11D3-BF4B-00C04F79EFBC}") = "36.WhatIsAsync", "35.WhatIsAsync\36.WhatIsAsync.csproj", "{109550AF-19B6-45CE-BE18-ADC8E2588803}"
EndProject
Project("{FAE04EC0-301F-11D3-BF4B-00C04F79EFBC}") = "39.ExceptionInAsyncCode", "39.ExceptionInAsyncCode\39.ExceptionInAsyncCode.csproj", "{9F6418C8-89A1-4C90-955E-CA74ECCE07B2}"
EndProject
Project("{FAE04EC0-301F-11D3-BF4B-00C04F79EFBC}") = "42.ResourceSharedByThreats", "42.ResourceSharedByThreats\42.ResourceSharedByThreats.csproj", "{DA5B3161-4650-4DDA-9DCD-CAAD2D42727D}"
EndProject
Project("{FAE04EC0-301F-11D3-BF4B-00C04F79EFBC}") = "45.MonitorLock", "45.MonitorLock\45.MonitorLock.csproj", "{1BC623D9-2FF2-4974-B3DD-AB49918F4814}"
EndProject
Project("{FAE04EC0-301F-11D3-BF4B-00C04F79EFBC}") = "46.ReaderWriterLockSlimExample", "46.ReaderWriterLockSlim\46.ReaderWriterLockSlimExample.csproj", "{AC69704B-EA6F-4199-945C-A1B189FF608E}"
EndProject
Project("{FAE04EC0-301F-11D3-BF4B-00C04F79EFBC}") = "47.SemaphoreImplementation", "47.SemaphoreImplementation\47.SemaphoreImplementation.csproj", "{04843CAE-35E5-4004-8F7A-F63166CD9663}"
EndProject
Global
	GlobalSection(SolutionConfigurationPlatforms) = preSolution
		Debug|Any CPU = Debug|Any CPU
		Release|Any CPU = Release|Any CPU
	EndGlobalSection
	GlobalSection(ProjectConfigurationPlatforms) = postSolution
		{18F9E450-2DEA-4FFF-9AA6-C6EACDF77ADC}.Debug|Any CPU.ActiveCfg = Debug|Any CPU
		{18F9E450-2DEA-4FFF-9AA6-C6EACDF77ADC}.Debug|Any CPU.Build.0 = Debug|Any CPU
		{18F9E450-2DEA-4FFF-9AA6-C6EACDF77ADC}.Release|Any CPU.ActiveCfg = Release|Any CPU
		{18F9E450-2DEA-4FFF-9AA6-C6EACDF77ADC}.Release|Any CPU.Build.0 = Release|Any CPU
		{D756AE5C-F05A-43CA-A481-18A3F7EF6FB3}.Debug|Any CPU.ActiveCfg = Debug|Any CPU
		{D756AE5C-F05A-43CA-A481-18A3F7EF6FB3}.Debug|Any CPU.Build.0 = Debug|Any CPU
		{D756AE5C-F05A-43CA-A481-18A3F7EF6FB3}.Release|Any CPU.ActiveCfg = Release|Any CPU
		{D756AE5C-F05A-43CA-A481-18A3F7EF6FB3}.Release|Any CPU.Build.0 = Release|Any CPU
		{5FEAEBAD-2EE3-41F4-9A39-29B4CDD5B565}.Debug|Any CPU.ActiveCfg = Debug|Any CPU
		{5FEAEBAD-2EE3-41F4-9A39-29B4CDD5B565}.Debug|Any CPU.Build.0 = Debug|Any CPU
		{5FEAEBAD-2EE3-41F4-9A39-29B4CDD5B565}.Release|Any CPU.ActiveCfg = Release|Any CPU
		{5FEAEBAD-2EE3-41F4-9A39-29B4CDD5B565}.Release|Any CPU.Build.0 = Release|Any CPU
		{DE6E3AB4-C7C6-4FCD-AC02-4B731F320755}.Debug|Any CPU.ActiveCfg = Debug|Any CPU
		{DE6E3AB4-C7C6-4FCD-AC02-4B731F320755}.Debug|Any CPU.Build.0 = Debug|Any CPU
		{DE6E3AB4-C7C6-4FCD-AC02-4B731F320755}.Release|Any CPU.ActiveCfg = Release|Any CPU
		{DE6E3AB4-C7C6-4FCD-AC02-4B731F320755}.Release|Any CPU.Build.0 = Release|Any CPU
		{8DB1F004-CD72-4306-B5A6-CE3AE1282CED}.Debug|Any CPU.ActiveCfg = Debug|Any CPU
		{8DB1F004-CD72-4306-B5A6-CE3AE1282CED}.Debug|Any CPU.Build.0 = Debug|Any CPU
		{8DB1F004-CD72-4306-B5A6-CE3AE1282CED}.Release|Any CPU.ActiveCfg = Release|Any CPU
		{8DB1F004-CD72-4306-B5A6-CE3AE1282CED}.Release|Any CPU.Build.0 = Release|Any CPU
		{7041BF9D-A7D0-46F3-97C8-3C5C492EE05F}.Debug|Any CPU.ActiveCfg = Debug|Any CPU
		{7041BF9D-A7D0-46F3-97C8-3C5C492EE05F}.Debug|Any CPU.Build.0 = Debug|Any CPU
		{7041BF9D-A7D0-46F3-97C8-3C5C492EE05F}.Release|Any CPU.ActiveCfg = Release|Any CPU
		{7041BF9D-A7D0-46F3-97C8-3C5C492EE05F}.Release|Any CPU.Build.0 = Release|Any CPU
		{EAD28408-7136-406A-A249-DECF1E644EF7}.Debug|Any CPU.ActiveCfg = Debug|Any CPU
		{EAD28408-7136-406A-A249-DECF1E644EF7}.Debug|Any CPU.Build.0 = Debug|Any CPU
		{EAD28408-7136-406A-A249-DECF1E644EF7}.Release|Any CPU.ActiveCfg = Release|Any CPU
		{EAD28408-7136-406A-A249-DECF1E644EF7}.Release|Any CPU.Build.0 = Release|Any CPU
		{CCFAB12E-8E48-4DEC-9B37-BA889BD52FB6}.Debug|Any CPU.ActiveCfg = Debug|Any CPU
		{CCFAB12E-8E48-4DEC-9B37-BA889BD52FB6}.Debug|Any CPU.Build.0 = Debug|Any CPU
		{CCFAB12E-8E48-4DEC-9B37-BA889BD52FB6}.Release|Any CPU.ActiveCfg = Release|Any CPU
		{CCFAB12E-8E48-4DEC-9B37-BA889BD52FB6}.Release|Any CPU.Build.0 = Release|Any CPU
		{F650EFDE-C4C7-4FB3-986F-BD1E310EB276}.Debug|Any CPU.ActiveCfg = Debug|Any CPU
		{F650EFDE-C4C7-4FB3-986F-BD1E310EB276}.Debug|Any CPU.Build.0 = Debug|Any CPU
		{F650EFDE-C4C7-4FB3-986F-BD1E310EB276}.Release|Any CPU.ActiveCfg = Release|Any CPU
		{F650EFDE-C4C7-4FB3-986F-BD1E310EB276}.Release|Any CPU.Build.0 = Release|Any CPU
		{A25B6FB6-F156-46A6-B696-28D86F624086}.Debug|Any CPU.ActiveCfg = Debug|Any CPU
		{A25B6FB6-F156-46A6-B696-28D86F624086}.Debug|Any CPU.Build.0 = Debug|Any CPU
		{A25B6FB6-F156-46A6-B696-28D86F624086}.Release|Any CPU.ActiveCfg = Release|Any CPU
		{A25B6FB6-F156-46A6-B696-28D86F624086}.Release|Any CPU.Build.0 = Release|Any CPU
		{AB8AD0D2-2AF2-4529-8CD3-2EA659894BA7}.Debug|Any CPU.ActiveCfg = Debug|Any CPU
		{AB8AD0D2-2AF2-4529-8CD3-2EA659894BA7}.Debug|Any CPU.Build.0 = Debug|Any CPU
		{AB8AD0D2-2AF2-4529-8CD3-2EA659894BA7}.Release|Any CPU.ActiveCfg = Release|Any CPU
		{AB8AD0D2-2AF2-4529-8CD3-2EA659894BA7}.Release|Any CPU.Build.0 = Release|Any CPU
		{CE8BB9C7-301A-4D75-910A-D7740BC97A67}.Debug|Any CPU.ActiveCfg = Debug|Any CPU
		{CE8BB9C7-301A-4D75-910A-D7740BC97A67}.Debug|Any CPU.Build.0 = Debug|Any CPU
		{CE8BB9C7-301A-4D75-910A-D7740BC97A67}.Release|Any CPU.ActiveCfg = Release|Any CPU
		{CE8BB9C7-301A-4D75-910A-D7740BC97A67}.Release|Any CPU.Build.0 = Release|Any CPU
		{109550AF-19B6-45CE-BE18-ADC8E2588803}.Debug|Any CPU.ActiveCfg = Debug|Any CPU
		{109550AF-19B6-45CE-BE18-ADC8E2588803}.Debug|Any CPU.Build.0 = Debug|Any CPU
		{109550AF-19B6-45CE-BE18-ADC8E2588803}.Release|Any CPU.ActiveCfg = Release|Any CPU
		{109550AF-19B6-45CE-BE18-ADC8E2588803}.Release|Any CPU.Build.0 = Release|Any CPU
		{9F6418C8-89A1-4C90-955E-CA74ECCE07B2}.Debug|Any CPU.ActiveCfg = Debug|Any CPU
		{9F6418C8-89A1-4C90-955E-CA74ECCE07B2}.Debug|Any CPU.Build.0 = Debug|Any CPU
		{9F6418C8-89A1-4C90-955E-CA74ECCE07B2}.Release|Any CPU.ActiveCfg = Release|Any CPU
		{9F6418C8-89A1-4C90-955E-CA74ECCE07B2}.Release|Any CPU.Build.0 = Release|Any CPU
		{DA5B3161-4650-4DDA-9DCD-CAAD2D42727D}.Debug|Any CPU.ActiveCfg = Debug|Any CPU
		{DA5B3161-4650-4DDA-9DCD-CAAD2D42727D}.Debug|Any CPU.Build.0 = Debug|Any CPU
		{DA5B3161-4650-4DDA-9DCD-CAAD2D42727D}.Release|Any CPU.ActiveCfg = Release|Any CPU
		{DA5B3161-4650-4DDA-9DCD-CAAD2D42727D}.Release|Any CPU.Build.0 = Release|Any CPU
		{1BC623D9-2FF2-4974-B3DD-AB49918F4814}.Debug|Any CPU.ActiveCfg = Debug|Any CPU
		{1BC623D9-2FF2-4974-B3DD-AB49918F4814}.Debug|Any CPU.Build.0 = Debug|Any CPU
		{1BC623D9-2FF2-4974-B3DD-AB49918F4814}.Release|Any CPU.ActiveCfg = Release|Any CPU
		{1BC623D9-2FF2-4974-B3DD-AB49918F4814}.Release|Any CPU.Build.0 = Release|Any CPU
		{AC69704B-EA6F-4199-945C-A1B189FF608E}.Debug|Any CPU.ActiveCfg = Debug|Any CPU
		{AC69704B-EA6F-4199-945C-A1B189FF608E}.Debug|Any CPU.Build.0 = Debug|Any CPU
		{AC69704B-EA6F-4199-945C-A1B189FF608E}.Release|Any CPU.ActiveCfg = Release|Any CPU
		{AC69704B-EA6F-4199-945C-A1B189FF608E}.Release|Any CPU.Build.0 = Release|Any CPU
		{04843CAE-35E5-4004-8F7A-F63166CD9663}.Debug|Any CPU.ActiveCfg = Debug|Any CPU
		{04843CAE-35E5-4004-8F7A-F63166CD9663}.Debug|Any CPU.Build.0 = Debug|Any CPU
		{04843CAE-35E5-4004-8F7A-F63166CD9663}.Release|Any CPU.ActiveCfg = Release|Any CPU
		{04843CAE-35E5-4004-8F7A-F63166CD9663}.Release|Any CPU.Build.0 = Release|Any CPU
	EndGlobalSection
	GlobalSection(SolutionProperties) = preSolution
		HideSolutionNode = FALSE
	EndGlobalSection
	GlobalSection(ExtensibilityGlobals) = postSolution
		SolutionGuid = {A56EDD4C-D13E-4F50-A5AE-4E4BEE8166EC}
	EndGlobalSection
EndGlobal
