
Microsoft Visual Studio Solution File, Format Version 12.00
# Visual Studio Version 16
VisualStudioVersion = 16.0.32002.261
MinimumVisualStudioVersion = 10.0.40219.1
Project("{FAE04EC0-301F-11D3-BF4B-00C04F79EFBC}") = "Udemy.Spock.ParallelProgramming.MultiThreading", "Udemy.Spock.ParallelProgramming.MultiThreading\Udemy.Spock.ParallelProgramming.MultiThreading.csproj", "{18F9E450-2DEA-4FFF-9AA6-C6EACDF77ADC}"
EndProject
Project("{FAE04EC0-301F-11D3-BF4B-00C04F79EFBC}") = "13.CreateProcess", "13.CreateProcess\13.CreateProcess.csproj", "{D756AE5C-F05A-43CA-A481-18A3F7EF6FB3}"
EndProject
Project("{FAE04EC0-301F-11D3-BF4B-00C04F79EFBC}") = "13.StartingAThread", "13.StartingAThread\13.StartingAThread.csproj", "{5FEAEBAD-2EE3-41F4-9A39-29B4CDD5B565}"
EndProject
Global
	GlobalSection(SolutionConfigurationPlatforms) = preSolution
		Debug|Any CPU = Debug|Any CPU
		Release|Any CPU = Release|Any CPU
	EndGlobalSection
	GlobalSection(ProjectConfigurationPlatforms) = postSolution
		{18F9E450-2DEA-4FFF-9AA6-C6EACDF77ADC}.Debug|Any CPU.ActiveCfg = Debug|Any CPU
		{18F9E450-2DEA-4FFF-9AA6-C6EACDF77ADC}.Debug|Any CPU.Build.0 = Debug|Any CPU
		{18F9E450-2DEA-4FFF-9AA6-C6EACDF77ADC}.Release|Any CPU.ActiveCfg = Release|Any CPU
		{18F9E450-2DEA-4FFF-9AA6-C6EACDF77ADC}.Release|Any CPU.Build.0 = Release|Any CPU
		{D756AE5C-F05A-43CA-A481-18A3F7EF6FB3}.Debug|Any CPU.ActiveCfg = Debug|Any CPU
		{D756AE5C-F05A-43CA-A481-18A3F7EF6FB3}.Debug|Any CPU.Build.0 = Debug|Any CPU
		{D756AE5C-F05A-43CA-A481-18A3F7EF6FB3}.Release|Any CPU.ActiveCfg = Release|Any CPU
		{D756AE5C-F05A-43CA-A481-18A3F7EF6FB3}.Release|Any CPU.Build.0 = Release|Any CPU
		{5FEAEBAD-2EE3-41F4-9A39-29B4CDD5B565}.Debug|Any CPU.ActiveCfg = Debug|Any CPU
		{5FEAEBAD-2EE3-41F4-9A39-29B4CDD5B565}.Debug|Any CPU.Build.0 = Debug|Any CPU
		{5FEAEBAD-2EE3-41F4-9A39-29B4CDD5B565}.Release|Any CPU.ActiveCfg = Release|Any CPU
		{5FEAEBAD-2EE3-41F4-9A39-29B4CDD5B565}.Release|Any CPU.Build.0 = Release|Any CPU
	EndGlobalSection
	GlobalSection(SolutionProperties) = preSolution
		HideSolutionNode = FALSE
	EndGlobalSection
	GlobalSection(ExtensibilityGlobals) = postSolution
		SolutionGuid = {A56EDD4C-D13E-4F50-A5AE-4E4BEE8166EC}
	EndGlobalSection
EndGlobal
